<Solution>
  <Folder Name="/src/">
    <Project Path="src/Commerzbank.NET/Commerzbank.NET.csproj" />
  </Folder>
  <Folder Name="/tests/">
    <Project Path="tests/Commerzbank.NET.Tests/Commerzbank.NET.Tests.csproj" />
  </Folder>
  <Folder Name="/samples/">
    <Project Path="samples/Commerzbank.NET.Samples.Console/Commerzbank.NET.Samples.Console.csproj" />
  </Folder>
  <Folder Name="/docs/">
    <Project Path="docs/Commerzbank.NET.Docs/Commerzbank.NET.Docs.csproj" />
    <Project Path="docs/Commerzbank.NET.Docs.Generator/Commerzbank.NET.Docs.Generator.csproj" />
  </Folder>
</Solution>
